
Microsoft Visual Studio Solution File, Format Version 12.00
# Visual Studio Version 17
VisualStudioVersion = 17.14.36518.9 d17.14
MinimumVisualStudioVersion = 10.0.40219.1
Project("{8BC9CEB8-8B4A-11D0-8D11-00A0C91BC942}") = "LibraryManagmentSystem", "LibraryManagmentSystem\LibraryManagmentSystem.vcxproj", "{0EEF3C67-AF7F-4037-8225-7E3380076194}"
EndProject
Global
	GlobalSection(SolutionConfigurationPlatforms) = preSolution
		Debug|x64 = Debug|x64
		Debug|x86 = Debug|x86
		Release|x64 = Release|x64
		Release|x86 = Release|x86
	EndGlobalSection
	GlobalSection(ProjectConfigurationPlatforms) = postSolution
		{0EEF3C67-AF7F-4037-8225-7E3380076194}.Debug|x64.ActiveCfg = Debug|x64
		{0EEF3C67-AF7F-4037-8225-7E3380076194}.Debug|x64.Build.0 = Debug|x64
		{0EEF3C67-AF7F-4037-8225-7E3380076194}.Debug|x86.ActiveCfg = Debug|Win32
		{0EEF3C67-AF7F-4037-8225-7E3380076194}.Debug|x86.Build.0 = Debug|Win32
		{0EEF3C67-AF7F-4037-8225-7E3380076194}.Release|x64.ActiveCfg = Release|x64
		{0EEF3C67-AF7F-4037-8225-7E3380076194}.Release|x64.Build.0 = Release|x64
		{0EEF3C67-AF7F-4037-8225-7E3380076194}.Release|x86.ActiveCfg = Release|Win32
		{0EEF3C67-AF7F-4037-8225-7E3380076194}.Release|x86.Build.0 = Release|Win32
	EndGlobalSection
	GlobalSection(SolutionProperties) = preSolution
		HideSolutionNode = FALSE
	EndGlobalSection
	GlobalSection(ExtensibilityGlobals) = postSolution
		SolutionGuid = {52E998E5-5D3A-412C-B2AA-954775D758D6}
	EndGlobalSection
EndGlobal
